// !$*UTF8*$!
{
	archiveVersion = 1;
	classes = {
	};
	objectVersion = 50;
	objects = {

/* Begin PBXBuildFile section */
		784F4B54236BDC1A00930C43 /* MyFirstWindow.m in Sources */ = {isa = PBXBuildFile; fileRef = 784F4B53236BDC1A00930C43 /* MyFirstWindow.m */; };
		784F4B58236BDC9800930C43 /* MyFirstViewController.m in Sources */ = {isa = PBXBuildFile; fileRef = 784F4B56236BDC9800930C43 /* MyFirstViewController.m */; };
		784F4B59236BDC9800930C43 /* MyFirstViewController.xib in Resources */ = {isa = PBXBuildFile; fileRef = 784F4B57236BDC9800930C43 /* MyFirstViewController.xib */; };
		784F4B65236C16D600930C43 /* MGLCommon.m in Sources */ = {isa = PBXBuildFile; fileRef = 784F4B61236C16D600930C43 /* MGLCommon.m */; };
		784F4B66236C16D600930C43 /* MGLProgram.m in Sources */ = {isa = PBXBuildFile; fileRef = 784F4B64236C16D600930C43 /* MGLProgram.m */; };
		784F4B72236C281500930C43 /* container.jpg in Resources */ = {isa = PBXBuildFile; fileRef = 784F4B71236C281500930C43 /* container.jpg */; };
		784F4B75236C2D6700930C43 /* Shader.vs in Resources */ = {isa = PBXBuildFile; fileRef = 784F4B73236C2D6700930C43 /* Shader.vs */; };
		784F4B76236C2D6700930C43 /* Shader.frag in Resources */ = {isa = PBXBuildFile; fileRef = 784F4B74236C2D6700930C43 /* Shader.frag */; };
		784F4B79236D270900930C43 /* YYOpenGLView.m in Sources */ = {isa = PBXBuildFile; fileRef = 784F4B78236D270900930C43 /* YYOpenGLView.m */; };
		784F4B7C236D617000930C43 /* screenShader.vs in Resources */ = {isa = PBXBuildFile; fileRef = 784F4B7A236D617000930C43 /* screenShader.vs */; };
		784F4B7D236D617000930C43 /* screenShader.frag in Resources */ = {isa = PBXBuildFile; fileRef = 784F4B7B236D617000930C43 /* screenShader.frag */; };
		784F4B80236FB42500930C43 /* MGLTools.m in Sources */ = {isa = PBXBuildFile; fileRef = 784F4B7F236FB42500930C43 /* MGLTools.m */; };
		784F4B83236FB54D00930C43 /* MGLFrameBuffer.m in Sources */ = {isa = PBXBuildFile; fileRef = 784F4B81236FB54D00930C43 /* MGLFrameBuffer.m */; };
		784F4B86236FCBEC00930C43 /* MGLOpenGLView.m in Sources */ = {isa = PBXBuildFile; fileRef = 784F4B85236FCBEC00930C43 /* MGLOpenGLView.m */; };
		784F4C0C2371589B00930C43 /* bricks2.jpg in Resources */ = {isa = PBXBuildFile; fileRef = 784F4BF82371589A00930C43 /* bricks2.jpg */; };
		784F4C0D2371589B00930C43 /* container2.png in Resources */ = {isa = PBXBuildFile; fileRef = 784F4BF92371589A00930C43 /* container2.png */; };
		784F4C0E2371589B00930C43 /* awesomeface.png in Resources */ = {isa = PBXBuildFile; fileRef = 784F4BFA2371589A00930C43 /* awesomeface.png */; };
		784F4C0F2371589B00930C43 /* container2_specular.png in Resources */ = {isa = PBXBuildFile; fileRef = 784F4BFB2371589A00930C43 /* container2_specular.png */; };
		784F4C102371589B00930C43 /* bricks2_disp.jpg in Resources */ = {isa = PBXBuildFile; fileRef = 784F4BFC2371589A00930C43 /* bricks2_disp.jpg */; };
		784F4C112371589B00930C43 /* brickwall.jpg in Resources */ = {isa = PBXBuildFile; fileRef = 784F4BFD2371589B00930C43 /* brickwall.jpg */; };
		784F4C122371589B00930C43 /* pbr in Resources */ = {isa = PBXBuildFile; fileRef = 784F4BFE2371589B00930C43 /* pbr */; };
		784F4C132371589B00930C43 /* metal.png in Resources */ = {isa = PBXBuildFile; fileRef = 784F4BFF2371589B00930C43 /* metal.png */; };
		784F4C142371589B00930C43 /* marble.jpg in Resources */ = {isa = PBXBuildFile; fileRef = 784F4C002371589B00930C43 /* marble.jpg */; };
		784F4C152371589B00930C43 /* matrix.jpg in Resources */ = {isa = PBXBuildFile; fileRef = 784F4C012371589B00930C43 /* matrix.jpg */; };
		784F4C162371589B00930C43 /* brickwall_normal.jpg in Resources */ = {isa = PBXBuildFile; fileRef = 784F4C022371589B00930C43 /* brickwall_normal.jpg */; };
		784F4C172371589B00930C43 /* hdr in Resources */ = {isa = PBXBuildFile; fileRef = 784F4C032371589B00930C43 /* hdr */; };
		784F4C182371589B00930C43 /* skybox in Resources */ = {isa = PBXBuildFile; fileRef = 784F4C042371589B00930C43 /* skybox */; };
		784F4C192371589B00930C43 /* wood.png in Resources */ = {isa = PBXBuildFile; fileRef = 784F4C052371589B00930C43 /* wood.png */; };
		784F4C1A2371589B00930C43 /* bricks2_normal.jpg in Resources */ = {isa = PBXBuildFile; fileRef = 784F4C062371589B00930C43 /* bricks2_normal.jpg */; };
		784F4C1B2371589B00930C43 /* grass.png in Resources */ = {isa = PBXBuildFile; fileRef = 784F4C072371589B00930C43 /* grass.png */; };
		784F4C1C2371589B00930C43 /* toy_box_diffuse.png in Resources */ = {isa = PBXBuildFile; fileRef = 784F4C082371589B00930C43 /* toy_box_diffuse.png */; };
		784F4C1D2371589B00930C43 /* toy_box_normal.png in Resources */ = {isa = PBXBuildFile; fileRef = 784F4C092371589B00930C43 /* toy_box_normal.png */; };
		784F4C1E2371589B00930C43 /* toy_box_disp.png in Resources */ = {isa = PBXBuildFile; fileRef = 784F4C0A2371589B00930C43 /* toy_box_disp.png */; };
		784F4C1F2371589B00930C43 /* window.png in Resources */ = {isa = PBXBuildFile; fileRef = 784F4C0B2371589B00930C43 /* window.png */; };
		784F4C252371A36500930C43 /* MacCameraCapture.mm in Sources */ = {isa = PBXBuildFile; fileRef = 784F4C242371A36500930C43 /* MacCameraCapture.mm */; };
		78DC2AC1236BC03800013439 /* AppDelegate.m in Sources */ = {isa = PBXBuildFile; fileRef = 78DC2AC0236BC03800013439 /* AppDelegate.m */; };
		78DC2AC3236BC03A00013439 /* Assets.xcassets in Resources */ = {isa = PBXBuildFile; fileRef = 78DC2AC2236BC03A00013439 /* Assets.xcassets */; };
		78DC2AC6236BC03A00013439 /* MainMenu.xib in Resources */ = {isa = PBXBuildFile; fileRef = 78DC2AC4236BC03A00013439 /* MainMenu.xib */; };
		78DC2AC9236BC03A00013439 /* main.m in Sources */ = {isa = PBXBuildFile; fileRef = 78DC2AC8236BC03A00013439 /* main.m */; };
/* End PBXBuildFile section */

/* Begin PBXFileReference section */
		784F4B52236BDC1A00930C43 /* MyFirstWindow.h */ = {isa = PBXFileReference; lastKnownFileType = sourcecode.c.h; path = MyFirstWindow.h; sourceTree = "<group>"; };
		784F4B53236BDC1A00930C43 /* MyFirstWindow.m */ = {isa = PBXFileReference; lastKnownFileType = sourcecode.c.objc; path = MyFirstWindow.m; sourceTree = "<group>"; };
		784F4B55236BDC9800930C43 /* MyFirstViewController.h */ = {isa = PBXFileReference; lastKnownFileType = sourcecode.c.h; path = MyFirstViewController.h; sourceTree = "<group>"; };
		784F4B56236BDC9800930C43 /* MyFirstViewController.m */ = {isa = PBXFileReference; lastKnownFileType = sourcecode.c.objc; path = MyFirstViewController.m; sourceTree = "<group>"; };
		784F4B57236BDC9800930C43 /* MyFirstViewController.xib */ = {isa = PBXFileReference; lastKnownFileType = file.xib; path = MyFirstViewController.xib; sourceTree = "<group>"; };
		784F4B61236C16D600930C43 /* MGLCommon.m */ = {isa = PBXFileReference; fileEncoding = 4; lastKnownFileType = sourcecode.c.objc; path = MGLCommon.m; sourceTree = "<group>"; };
		784F4B62236C16D600930C43 /* MGLProgram.h */ = {isa = PBXFileReference; fileEncoding = 4; lastKnownFileType = sourcecode.c.h; path = MGLProgram.h; sourceTree = "<group>"; };
		784F4B63236C16D600930C43 /* MGLCommon.h */ = {isa = PBXFileReference; fileEncoding = 4; lastKnownFileType = sourcecode.c.h; path = MGLCommon.h; sourceTree = "<group>"; };
		784F4B64236C16D600930C43 /* MGLProgram.m */ = {isa = PBXFileReference; fileEncoding = 4; lastKnownFileType = sourcecode.c.objc; path = MGLProgram.m; sourceTree = "<group>"; };
		784F4B71236C281500930C43 /* container.jpg */ = {isa = PBXFileReference; lastKnownFileType = image.jpeg; path = container.jpg; sourceTree = "<group>"; };
		784F4B73236C2D6700930C43 /* Shader.vs */ = {isa = PBXFileReference; fileEncoding = 4; lastKnownFileType = sourcecode.glsl; path = Shader.vs; sourceTree = "<group>"; };
		784F4B74236C2D6700930C43 /* Shader.frag */ = {isa = PBXFileReference; fileEncoding = 4; lastKnownFileType = sourcecode.glsl; path = Shader.frag; sourceTree = "<group>"; };
		784F4B77236D270900930C43 /* YYOpenGLView.h */ = {isa = PBXFileReference; lastKnownFileType = sourcecode.c.h; path = YYOpenGLView.h; sourceTree = "<group>"; };
		784F4B78236D270900930C43 /* YYOpenGLView.m */ = {isa = PBXFileReference; lastKnownFileType = sourcecode.c.objc; path = YYOpenGLView.m; sourceTree = "<group>"; };
		784F4B7A236D617000930C43 /* screenShader.vs */ = {isa = PBXFileReference; fileEncoding = 4; lastKnownFileType = sourcecode.glsl; path = screenShader.vs; sourceTree = "<group>"; };
		784F4B7B236D617000930C43 /* screenShader.frag */ = {isa = PBXFileReference; fileEncoding = 4; lastKnownFileType = sourcecode.glsl; path = screenShader.frag; sourceTree = "<group>"; };
		784F4B7E236FB42500930C43 /* MGLTools.h */ = {isa = PBXFileReference; fileEncoding = 4; lastKnownFileType = sourcecode.c.h; path = MGLTools.h; sourceTree = "<group>"; };
		784F4B7F236FB42500930C43 /* MGLTools.m */ = {isa = PBXFileReference; fileEncoding = 4; lastKnownFileType = sourcecode.c.objc; path = MGLTools.m; sourceTree = "<group>"; };
		784F4B81236FB54D00930C43 /* MGLFrameBuffer.m */ = {isa = PBXFileReference; fileEncoding = 4; lastKnownFileType = sourcecode.c.objc; path = MGLFrameBuffer.m; sourceTree = "<group>"; };
		784F4B82236FB54D00930C43 /* MGLFrameBuffer.h */ = {isa = PBXFileReference; fileEncoding = 4; lastKnownFileType = sourcecode.c.h; path = MGLFrameBuffer.h; sourceTree = "<group>"; };
		784F4B84236FCBEC00930C43 /* MGLOpenGLView.h */ = {isa = PBXFileReference; lastKnownFileType = sourcecode.c.h; path = MGLOpenGLView.h; sourceTree = "<group>"; };
		784F4B85236FCBEC00930C43 /* MGLOpenGLView.m */ = {isa = PBXFileReference; lastKnownFileType = sourcecode.c.objc; path = MGLOpenGLView.m; sourceTree = "<group>"; };
		784F4BF82371589A00930C43 /* bricks2.jpg */ = {isa = PBXFileReference; lastKnownFileType = image.jpeg; path = bricks2.jpg; sourceTree = "<group>"; };
		784F4BF92371589A00930C43 /* container2.png */ = {isa = PBXFileReference; lastKnownFileType = image.png; path = container2.png; sourceTree = "<group>"; };
		784F4BFA2371589A00930C43 /* awesomeface.png */ = {isa = PBXFileReference; lastKnownFileType = image.png; path = awesomeface.png; sourceTree = "<group>"; };
		784F4BFB2371589A00930C43 /* container2_specular.png */ = {isa = PBXFileReference; lastKnownFileType = image.png; path = container2_specular.png; sourceTree = "<group>"; };
		784F4BFC2371589A00930C43 /* bricks2_disp.jpg */ = {isa = PBXFileReference; lastKnownFileType = image.jpeg; path = bricks2_disp.jpg; sourceTree = "<group>"; };
		784F4BFD2371589B00930C43 /* brickwall.jpg */ = {isa = PBXFileReference; lastKnownFileType = image.jpeg; path = brickwall.jpg; sourceTree = "<group>"; };
		784F4BFE2371589B00930C43 /* pbr */ = {isa = PBXFileReference; lastKnownFileType = folder; path = pbr; sourceTree = "<group>"; };
		784F4BFF2371589B00930C43 /* metal.png */ = {isa = PBXFileReference; lastKnownFileType = image.png; path = metal.png; sourceTree = "<group>"; };
		784F4C002371589B00930C43 /* marble.jpg */ = {isa = PBXFileReference; lastKnownFileType = image.jpeg; path = marble.jpg; sourceTree = "<group>"; };
		784F4C012371589B00930C43 /* matrix.jpg */ = {isa = PBXFileReference; lastKnownFileType = image.jpeg; path = matrix.jpg; sourceTree = "<group>"; };
		784F4C022371589B00930C43 /* brickwall_normal.jpg */ = {isa = PBXFileReference; lastKnownFileType = image.jpeg; path = brickwall_normal.jpg; sourceTree = "<group>"; };
		784F4C032371589B00930C43 /* hdr */ = {isa = PBXFileReference; lastKnownFileType = folder; path = hdr; sourceTree = "<group>"; };
		784F4C042371589B00930C43 /* skybox */ = {isa = PBXFileReference; lastKnownFileType = folder; path = skybox; sourceTree = "<group>"; };
		784F4C052371589B00930C43 /* wood.png */ = {isa = PBXFileReference; lastKnownFileType = image.png; path = wood.png; sourceTree = "<group>"; };
		784F4C062371589B00930C43 /* bricks2_normal.jpg */ = {isa = PBXFileReference; lastKnownFileType = image.jpeg; path = bricks2_normal.jpg; sourceTree = "<group>"; };
		784F4C072371589B00930C43 /* grass.png */ = {isa = PBXFileReference; lastKnownFileType = image.png; path = grass.png; sourceTree = "<group>"; };
		784F4C082371589B00930C43 /* toy_box_diffuse.png */ = {isa = PBXFileReference; lastKnownFileType = image.png; path = toy_box_diffuse.png; sourceTree = "<group>"; };
		784F4C092371589B00930C43 /* toy_box_normal.png */ = {isa = PBXFileReference; lastKnownFileType = image.png; path = toy_box_normal.png; sourceTree = "<group>"; };
		784F4C0A2371589B00930C43 /* toy_box_disp.png */ = {isa = PBXFileReference; lastKnownFileType = image.png; path = toy_box_disp.png; sourceTree = "<group>"; };
		784F4C0B2371589B00930C43 /* window.png */ = {isa = PBXFileReference; lastKnownFileType = image.png; path = window.png; sourceTree = "<group>"; };
		784F4C232371A36500930C43 /* MacCameraCapture.h */ = {isa = PBXFileReference; fileEncoding = 4; lastKnownFileType = sourcecode.c.h; path = MacCameraCapture.h; sourceTree = "<group>"; };
		784F4C242371A36500930C43 /* MacCameraCapture.mm */ = {isa = PBXFileReference; fileEncoding = 4; lastKnownFileType = sourcecode.cpp.objcpp; path = MacCameraCapture.mm; sourceTree = "<group>"; };
		78DC2ABC236BC03800013439 /* macappdemo1.app */ = {isa = PBXFileReference; explicitFileType = wrapper.application; includeInIndex = 0; path = macappdemo1.app; sourceTree = BUILT_PRODUCTS_DIR; };
		78DC2ABF236BC03800013439 /* AppDelegate.h */ = {isa = PBXFileReference; lastKnownFileType = sourcecode.c.h; path = AppDelegate.h; sourceTree = "<group>"; };
		78DC2AC0236BC03800013439 /* AppDelegate.m */ = {isa = PBXFileReference; lastKnownFileType = sourcecode.c.objc; path = AppDelegate.m; sourceTree = "<group>"; };
		78DC2AC2236BC03A00013439 /* Assets.xcassets */ = {isa = PBXFileReference; lastKnownFileType = folder.assetcatalog; path = Assets.xcassets; sourceTree = "<group>"; };
		78DC2AC5236BC03A00013439 /* Base */ = {isa = PBXFileReference; lastKnownFileType = file.xib; name = Base; path = Base.lproj/MainMenu.xib; sourceTree = "<group>"; };
		78DC2AC7236BC03A00013439 /* Info.plist */ = {isa = PBXFileReference; lastKnownFileType = text.plist.xml; path = Info.plist; sourceTree = "<group>"; };
		78DC2AC8236BC03A00013439 /* main.m */ = {isa = PBXFileReference; lastKnownFileType = sourcecode.c.objc; path = main.m; sourceTree = "<group>"; };
		78DC2ACA236BC03A00013439 /* macappdemo1.entitlements */ = {isa = PBXFileReference; lastKnownFileType = text.plist.entitlements; path = macappdemo1.entitlements; sourceTree = "<group>"; };
/* End PBXFileReference section */

/* Begin PBXFrameworksBuildPhase section */
		78DC2AB9236BC03800013439 /* Frameworks */ = {
			isa = PBXFrameworksBuildPhase;
			buildActionMask = 2147483647;
			files = (
			);
			runOnlyForDeploymentPostprocessing = 0;
		};
/* End PBXFrameworksBuildPhase section */

/* Begin PBXGroup section */
		784F4B5D236C16B100930C43 /* opengl */ = {
			isa = PBXGroup;
			children = (
				784F4B82236FB54D00930C43 /* MGLFrameBuffer.h */,
				784F4B81236FB54D00930C43 /* MGLFrameBuffer.m */,
				784F4B7E236FB42500930C43 /* MGLTools.h */,
				784F4B7F236FB42500930C43 /* MGLTools.m */,
				784F4B63236C16D600930C43 /* MGLCommon.h */,
				784F4B61236C16D600930C43 /* MGLCommon.m */,
				784F4B62236C16D600930C43 /* MGLProgram.h */,
				784F4B64236C16D600930C43 /* MGLProgram.m */,
				784F4B77236D270900930C43 /* YYOpenGLView.h */,
				784F4B78236D270900930C43 /* YYOpenGLView.m */,
				784F4B84236FCBEC00930C43 /* MGLOpenGLView.h */,
				784F4B85236FCBEC00930C43 /* MGLOpenGLView.m */,
			);
			path = opengl;
			sourceTree = "<group>";
		};
		784F4B70236C281500930C43 /* resource */ = {
			isa = PBXGroup;
			children = (
				784F4C21237159CB00930C43 /* pic */,
				784F4C20237159BA00930C43 /* shader */,
			);
			path = resource;
			sourceTree = "<group>";
		};
		784F4C20237159BA00930C43 /* shader */ = {
			isa = PBXGroup;
			children = (
				784F4B7B236D617000930C43 /* screenShader.frag */,
				784F4B7A236D617000930C43 /* screenShader.vs */,
				784F4B74236C2D6700930C43 /* Shader.frag */,
				784F4B73236C2D6700930C43 /* Shader.vs */,
			);
			path = shader;
			sourceTree = "<group>";
		};
		784F4C21237159CB00930C43 /* pic */ = {
			isa = PBXGroup;
			children = (
				784F4BFA2371589A00930C43 /* awesomeface.png */,
				784F4BFC2371589A00930C43 /* bricks2_disp.jpg */,
				784F4C062371589B00930C43 /* bricks2_normal.jpg */,
				784F4BF82371589A00930C43 /* bricks2.jpg */,
				784F4C022371589B00930C43 /* brickwall_normal.jpg */,
				784F4BFD2371589B00930C43 /* brickwall.jpg */,
				784F4BFB2371589A00930C43 /* container2_specular.png */,
				784F4BF92371589A00930C43 /* container2.png */,
				784F4C072371589B00930C43 /* grass.png */,
				784F4C032371589B00930C43 /* hdr */,
				784F4C002371589B00930C43 /* marble.jpg */,
				784F4C012371589B00930C43 /* matrix.jpg */,
				784F4BFF2371589B00930C43 /* metal.png */,
				784F4BFE2371589B00930C43 /* pbr */,
				784F4C042371589B00930C43 /* skybox */,
				784F4C082371589B00930C43 /* toy_box_diffuse.png */,
				784F4C0A2371589B00930C43 /* toy_box_disp.png */,
				784F4C092371589B00930C43 /* toy_box_normal.png */,
				784F4C0B2371589B00930C43 /* window.png */,
				784F4C052371589B00930C43 /* wood.png */,
				784F4B71236C281500930C43 /* container.jpg */,
			);
			path = pic;
			sourceTree = "<group>";
		};
		784F4C222371A36500930C43 /* capture_codec */ = {
			isa = PBXGroup;
			children = (
				784F4C232371A36500930C43 /* MacCameraCapture.h */,
				784F4C242371A36500930C43 /* MacCameraCapture.mm */,
			);
			path = capture_codec;
			sourceTree = "<group>";
		};
		78DC2AB3236BC03800013439 = {
			isa = PBXGroup;
			children = (
				78DC2ABE236BC03800013439 /* macappdemo1 */,
				78DC2ABD236BC03800013439 /* Products */,
			);
			sourceTree = "<group>";
		};
		78DC2ABD236BC03800013439 /* Products */ = {
			isa = PBXGroup;
			children = (
				78DC2ABC236BC03800013439 /* macappdemo1.app */,
			);
			name = Products;
			sourceTree = "<group>";
		};
		78DC2ABE236BC03800013439 /* macappdemo1 */ = {
			isa = PBXGroup;
			children = (
				784F4B70236C281500930C43 /* resource */,
				784F4B5D236C16B100930C43 /* opengl */,
				784F4C222371A36500930C43 /* capture_codec */,
				784F4B55236BDC9800930C43 /* MyFirstViewController.h */,
				784F4B56236BDC9800930C43 /* MyFirstViewController.m */,
				784F4B57236BDC9800930C43 /* MyFirstViewController.xib */,
				784F4B52236BDC1A00930C43 /* MyFirstWindow.h */,
				784F4B53236BDC1A00930C43 /* MyFirstWindow.m */,
				78DC2ABF236BC03800013439 /* AppDelegate.h */,
				78DC2AC0236BC03800013439 /* AppDelegate.m */,
				78DC2AC2236BC03A00013439 /* Assets.xcassets */,
				78DC2AC4236BC03A00013439 /* MainMenu.xib */,
				78DC2AC7236BC03A00013439 /* Info.plist */,
				78DC2AC8236BC03A00013439 /* main.m */,
				78DC2ACA236BC03A00013439 /* macappdemo1.entitlements */,
			);
			path = macappdemo1;
			sourceTree = "<group>";
		};
/* End PBXGroup section */

/* Begin PBXNativeTarget section */
		78DC2ABB236BC03800013439 /* macappdemo1 */ = {
			isa = PBXNativeTarget;
			buildConfigurationList = 78DC2ACD236BC03A00013439 /* Build configuration list for PBXNativeTarget "macappdemo1" */;
			buildPhases = (
				78DC2AB8236BC03800013439 /* Sources */,
				78DC2AB9236BC03800013439 /* Frameworks */,
				78DC2ABA236BC03800013439 /* Resources */,
			);
			buildRules = (
			);
			dependencies = (
			);
			name = macappdemo1;
			productName = macappdemo1;
			productReference = 78DC2ABC236BC03800013439 /* macappdemo1.app */;
			productType = "com.apple.product-type.application";
		};
/* End PBXNativeTarget section */

/* Begin PBXProject section */
		78DC2AB4236BC03800013439 /* Project object */ = {
			isa = PBXProject;
			attributes = {
				LastUpgradeCheck = 1110;
				ORGANIZATIONNAME = JFChen;
				TargetAttributes = {
					78DC2ABB236BC03800013439 = {
						CreatedOnToolsVersion = 11.1;
					};
				};
			};
			buildConfigurationList = 78DC2AB7236BC03800013439 /* Build configuration list for PBXProject "macappdemo1" */;
			compatibilityVersion = "Xcode 9.3";
			developmentRegion = en;
			hasScannedForEncodings = 0;
			knownRegions = (
				en,
				Base,
			);
			mainGroup = 78DC2AB3236BC03800013439;
			productRefGroup = 78DC2ABD236BC03800013439 /* Products */;
			projectDirPath = "";
			projectRoot = "";
			targets = (
				78DC2ABB236BC03800013439 /* macappdemo1 */,
			);
		};
/* End PBXProject section */

/* Begin PBXResourcesBuildPhase section */
		78DC2ABA236BC03800013439 /* Resources */ = {
			isa = PBXResourcesBuildPhase;
			buildActionMask = 2147483647;
			files = (
				784F4C0E2371589B00930C43 /* awesomeface.png in Resources */,
				784F4C172371589B00930C43 /* hdr in Resources */,
				784F4B76236C2D6700930C43 /* Shader.frag in Resources */,
				784F4C162371589B00930C43 /* brickwall_normal.jpg in Resources */,
				784F4C142371589B00930C43 /* marble.jpg in Resources */,
				784F4C1E2371589B00930C43 /* toy_box_disp.png in Resources */,
				78DC2AC3236BC03A00013439 /* Assets.xcassets in Resources */,
				784F4C192371589B00930C43 /* wood.png in Resources */,
				784F4C122371589B00930C43 /* pbr in Resources */,
				784F4C0C2371589B00930C43 /* bricks2.jpg in Resources */,
				784F4B7C236D617000930C43 /* screenShader.vs in Resources */,
				784F4C0F2371589B00930C43 /* container2_specular.png in Resources */,
				784F4C1D2371589B00930C43 /* toy_box_normal.png in Resources */,
				784F4B59236BDC9800930C43 /* MyFirstViewController.xib in Resources */,
				784F4C1B2371589B00930C43 /* grass.png in Resources */,
				78DC2AC6236BC03A00013439 /* MainMenu.xib in Resources */,
				784F4C152371589B00930C43 /* matrix.jpg in Resources */,
				784F4C0D2371589B00930C43 /* container2.png in Resources */,
				784F4C112371589B00930C43 /* brickwall.jpg in Resources */,
				784F4C102371589B00930C43 /* bricks2_disp.jpg in Resources */,
				784F4C182371589B00930C43 /* skybox in Resources */,
				784F4B75236C2D6700930C43 /* Shader.vs in Resources */,
				784F4C1A2371589B00930C43 /* bricks2_normal.jpg in Resources */,
				784F4B7D236D617000930C43 /* screenShader.frag in Resources */,
				784F4B72236C281500930C43 /* container.jpg in Resources */,
				784F4C1F2371589B00930C43 /* window.png in Resources */,
				784F4C1C2371589B00930C43 /* toy_box_diffuse.png in Resources */,
				784F4C132371589B00930C43 /* metal.png in Resources */,
			);
			runOnlyForDeploymentPostprocessing = 0;
		};
/* End PBXResourcesBuildPhase section */

/* Begin PBXSourcesBuildPhase section */
		78DC2AB8236BC03800013439 /* Sources */ = {
			isa = PBXSourcesBuildPhase;
			buildActionMask = 2147483647;
			files = (
				784F4B54236BDC1A00930C43 /* MyFirstWindow.m in Sources */,
				78DC2AC9236BC03A00013439 /* main.m in Sources */,
				784F4B66236C16D600930C43 /* MGLProgram.m in Sources */,
				784F4B79236D270900930C43 /* YYOpenGLView.m in Sources */,
				784F4C252371A36500930C43 /* MacCameraCapture.mm in Sources */,
				784F4B86236FCBEC00930C43 /* MGLOpenGLView.m in Sources */,
				784F4B65236C16D600930C43 /* MGLCommon.m in Sources */,
				78DC2AC1236BC03800013439 /* AppDelegate.m in Sources */,
				784F4B80236FB42500930C43 /* MGLTools.m in Sources */,
				784F4B58236BDC9800930C43 /* MyFirstViewController.m in Sources */,
				784F4B83236FB54D00930C43 /* MGLFrameBuffer.m in Sources */,
			);
			runOnlyForDeploymentPostprocessing = 0;
		};
/* End PBXSourcesBuildPhase section */

/* Begin PBXVariantGroup section */
		78DC2AC4236BC03A00013439 /* MainMenu.xib */ = {
			isa = PBXVariantGroup;
			children = (
				78DC2AC5236BC03A00013439 /* Base */,
			);
			name = MainMenu.xib;
			sourceTree = "<group>";
		};
/* End PBXVariantGroup section */

/* Begin XCBuildConfiguration section */
		78DC2ACB236BC03A00013439 /* Debug */ = {
			isa = XCBuildConfiguration;
			buildSettings = {
				ALWAYS_SEARCH_USER_PATHS = NO;
				CLANG_ANALYZER_NONNULL = YES;
				CLANG_ANALYZER_NUMBER_OBJECT_CONVERSION = YES_AGGRESSIVE;
				CLANG_CXX_LANGUAGE_STANDARD = "gnu++14";
				CLANG_CXX_LIBRARY = "libc++";
				CLANG_ENABLE_MODULES = YES;
				CLANG_ENABLE_OBJC_ARC = YES;
				CLANG_ENABLE_OBJC_WEAK = YES;
				CLANG_WARN_BLOCK_CAPTURE_AUTORELEASING = YES;
				CLANG_WARN_BOOL_CONVERSION = YES;
				CLANG_WARN_COMMA = YES;
				CLANG_WARN_CONSTANT_CONVERSION = YES;
				CLANG_WARN_DEPRECATED_OBJC_IMPLEMENTATIONS = YES;
				CLANG_WARN_DIRECT_OBJC_ISA_USAGE = YES_ERROR;
				CLANG_WARN_DOCUMENTATION_COMMENTS = YES;
				CLANG_WARN_EMPTY_BODY = YES;
				CLANG_WARN_ENUM_CONVERSION = YES;
				CLANG_WARN_INFINITE_RECURSION = YES;
				CLANG_WARN_INT_CONVERSION = YES;
				CLANG_WARN_NON_LITERAL_NULL_CONVERSION = YES;
				CLANG_WARN_OBJC_IMPLICIT_RETAIN_SELF = YES;
				CLANG_WARN_OBJC_LITERAL_CONVERSION = YES;
				CLANG_WARN_OBJC_ROOT_CLASS = YES_ERROR;
				CLANG_WARN_RANGE_LOOP_ANALYSIS = YES;
				CLANG_WARN_STRICT_PROTOTYPES = YES;
				CLANG_WARN_SUSPICIOUS_MOVE = YES;
				CLANG_WARN_UNGUARDED_AVAILABILITY = YES_AGGRESSIVE;
				CLANG_WARN_UNREACHABLE_CODE = YES;
				CLANG_WARN__DUPLICATE_METHOD_MATCH = YES;
				COPY_PHASE_STRIP = NO;
				DEBUG_INFORMATION_FORMAT = dwarf;
				ENABLE_STRICT_OBJC_MSGSEND = YES;
				ENABLE_TESTABILITY = YES;
				GCC_C_LANGUAGE_STANDARD = gnu11;
				GCC_DYNAMIC_NO_PIC = NO;
				GCC_NO_COMMON_BLOCKS = YES;
				GCC_OPTIMIZATION_LEVEL = 0;
				GCC_PREPROCESSOR_DEFINITIONS = (
					"DEBUG=1",
					"$(inherited)",
				);
				GCC_WARN_64_TO_32_BIT_CONVERSION = YES;
				GCC_WARN_ABOUT_RETURN_TYPE = YES_ERROR;
				GCC_WARN_UNDECLARED_SELECTOR = YES;
				GCC_WARN_UNINITIALIZED_AUTOS = YES_AGGRESSIVE;
				GCC_WARN_UNUSED_FUNCTION = YES;
				GCC_WARN_UNUSED_VARIABLE = YES;
				MACOSX_DEPLOYMENT_TARGET = 10.14;
				MTL_ENABLE_DEBUG_INFO = INCLUDE_SOURCE;
				MTL_FAST_MATH = YES;
				ONLY_ACTIVE_ARCH = YES;
				SDKROOT = macosx;
			};
			name = Debug;
		};
		78DC2ACC236BC03A00013439 /* Release */ = {
			isa = XCBuildConfiguration;
			buildSettings = {
				ALWAYS_SEARCH_USER_PATHS = NO;
				CLANG_ANALYZER_NONNULL = YES;
				CLANG_ANALYZER_NUMBER_OBJECT_CONVERSION = YES_AGGRESSIVE;
				CLANG_CXX_LANGUAGE_STANDARD = "gnu++14";
				CLANG_CXX_LIBRARY = "libc++";
				CLANG_ENABLE_MODULES = YES;
				CLANG_ENABLE_OBJC_ARC = YES;
				CLANG_ENABLE_OBJC_WEAK = YES;
				CLANG_WARN_BLOCK_CAPTURE_AUTORELEASING = YES;
				CLANG_WARN_BOOL_CONVERSION = YES;
				CLANG_WARN_COMMA = YES;
				CLANG_WARN_CONSTANT_CONVERSION = YES;
				CLANG_WARN_DEPRECATED_OBJC_IMPLEMENTATIONS = YES;
				CLANG_WARN_DIRECT_OBJC_ISA_USAGE = YES_ERROR;
				CLANG_WARN_DOCUMENTATION_COMMENTS = YES;
				CLANG_WARN_EMPTY_BODY = YES;
				CLANG_WARN_ENUM_CONVERSION = YES;
				CLANG_WARN_INFINITE_RECURSION = YES;
				CLANG_WARN_INT_CONVERSION = YES;
				CLANG_WARN_NON_LITERAL_NULL_CONVERSION = YES;
				CLANG_WARN_OBJC_IMPLICIT_RETAIN_SELF = YES;
				CLANG_WARN_OBJC_LITERAL_CONVERSION = YES;
				CLANG_WARN_OBJC_ROOT_CLASS = YES_ERROR;
				CLANG_WARN_RANGE_LOOP_ANALYSIS = YES;
				CLANG_WARN_STRICT_PROTOTYPES = YES;
				CLANG_WARN_SUSPICIOUS_MOVE = YES;
				CLANG_WARN_UNGUARDED_AVAILABILITY = YES_AGGRESSIVE;
				CLANG_WARN_UNREACHABLE_CODE = YES;
				CLANG_WARN__DUPLICATE_METHOD_MATCH = YES;
				COPY_PHASE_STRIP = NO;
				DEBUG_INFORMATION_FORMAT = "dwarf-with-dsym";
				ENABLE_NS_ASSERTIONS = NO;
				ENABLE_STRICT_OBJC_MSGSEND = YES;
				GCC_C_LANGUAGE_STANDARD = gnu11;
				GCC_NO_COMMON_BLOCKS = YES;
				GCC_WARN_64_TO_32_BIT_CONVERSION = YES;
				GCC_WARN_ABOUT_RETURN_TYPE = YES_ERROR;
				GCC_WARN_UNDECLARED_SELECTOR = YES;
				GCC_WARN_UNINITIALIZED_AUTOS = YES_AGGRESSIVE;
				GCC_WARN_UNUSED_FUNCTION = YES;
				GCC_WARN_UNUSED_VARIABLE = YES;
				MACOSX_DEPLOYMENT_TARGET = 10.14;
				MTL_ENABLE_DEBUG_INFO = NO;
				MTL_FAST_MATH = YES;
				SDKROOT = macosx;
			};
			name = Release;
		};
		78DC2ACE236BC03A00013439 /* Debug */ = {
			isa = XCBuildConfiguration;
			buildSettings = {
				ASSETCATALOG_COMPILER_APPICON_NAME = AppIcon;
				CODE_SIGN_ENTITLEMENTS = macappdemo1/macappdemo1.entitlements;
				CODE_SIGN_STYLE = Automatic;
				COMBINE_HIDPI_IMAGES = YES;
				DEVELOPMENT_TEAM = 2EGGRNQ96X;
				ENABLE_HARDENED_RUNTIME = YES;
				INFOPLIST_FILE = macappdemo1/Info.plist;
				LD_RUNPATH_SEARCH_PATHS = (
					"$(inherited)",
					"@executable_path/../Frameworks",
				);
				MACOSX_DEPLOYMENT_TARGET = 10.8;
				PRODUCT_BUNDLE_IDENTIFIER = com.jianfengmac.demo1.macappdemo1;
				PRODUCT_NAME = "$(TARGET_NAME)";
			};
			name = Debug;
		};
		78DC2ACF236BC03A00013439 /* Release */ = {
			isa = XCBuildConfiguration;
			buildSettings = {
				ASSETCATALOG_COMPILER_APPICON_NAME = AppIcon;
				CODE_SIGN_ENTITLEMENTS = macappdemo1/macappdemo1.entitlements;
				CODE_SIGN_STYLE = Automatic;
				COMBINE_HIDPI_IMAGES = YES;
				DEVELOPMENT_TEAM = 2EGGRNQ96X;
				ENABLE_HARDENED_RUNTIME = YES;
				INFOPLIST_FILE = macappdemo1/Info.plist;
				LD_RUNPATH_SEARCH_PATHS = (
					"$(inherited)",
					"@executable_path/../Frameworks",
				);
				MACOSX_DEPLOYMENT_TARGET = 10.8;
				PRODUCT_BUNDLE_IDENTIFIER = com.jianfengmac.demo1.macappdemo1;
				PRODUCT_NAME = "$(TARGET_NAME)";
			};
			name = Release;
		};
/* End XCBuildConfiguration section */

/* Begin XCConfigurationList section */
		78DC2AB7236BC03800013439 /* Build configuration list for PBXProject "macappdemo1" */ = {
			isa = XCConfigurationList;
			buildConfigurations = (
				78DC2ACB236BC03A00013439 /* Debug */,
				78DC2ACC236BC03A00013439 /* Release */,
			);
			defaultConfigurationIsVisible = 0;
			defaultConfigurationName = Release;
		};
		78DC2ACD236BC03A00013439 /* Build configuration list for PBXNativeTarget "macappdemo1" */ = {
			isa = XCConfigurationList;
			buildConfigurations = (
				78DC2ACE236BC03A00013439 /* Debug */,
				78DC2ACF236BC03A00013439 /* Release */,
			);
			defaultConfigurationIsVisible = 0;
			defaultConfigurationName = Release;
		};
/* End XCConfigurationList section */
	};
	rootObject = 78DC2AB4236BC03800013439 /* Project object */;
}
